
Microsoft Visual Studio Solution File, Format Version 12.00
Project("{FAE04EC0-301F-11D3-BF4B-00C04F79EFBC}") = "QueueDoublyLinkedList", "QueueDoublyLinkedList\QueueDoublyLinkedList.csproj", "{0E1C6B2D-E989-40FD-A913-7A289F118E03}"
EndProject
Global
	GlobalSection(SolutionConfigurationPlatforms) = preSolution
		Debug|Any CPU = Debug|Any CPU
		Release|Any CPU = Release|Any CPU
	EndGlobalSection
	GlobalSection(ProjectConfigurationPlatforms) = postSolution
		{0E1C6B2D-E989-40FD-A913-7A289F118E03}.Debug|Any CPU.ActiveCfg = Debug|Any CPU
		{0E1C6B2D-E989-40FD-A913-7A289F118E03}.Debug|Any CPU.Build.0 = Debug|Any CPU
		{0E1C6B2D-E989-40FD-A913-7A289F118E03}.Release|Any CPU.ActiveCfg = Release|Any CPU
		{0E1C6B2D-E989-40FD-A913-7A289F118E03}.Release|Any CPU.Build.0 = Release|Any CPU
	EndGlobalSection
EndGlobal
